// !$*UTF8*$!
{
	archiveVersion = 1;
	classes = {
	};
	objectVersion = 55;
	objects = {

/* Begin PBXBuildFile section */
		53CF2AAC2727FC92DD305337 /* Pods_MyForcastApp.framework in Frameworks */ = {isa = PBXBuildFile; fileRef = 1F018912BA66E6F04F9D9669 /* Pods_MyForcastApp.framework */; };
		FA10A9B328AEAB84003A6FF1 /* AppDelegate.swift in Sources */ = {isa = PBXBuildFile; fileRef = FA10A9B228AEAB84003A6FF1 /* AppDelegate.swift */; };
		FA10A9B528AEAB84003A6FF1 /* SceneDelegate.swift in Sources */ = {isa = PBXBuildFile; fileRef = FA10A9B428AEAB84003A6FF1 /* SceneDelegate.swift */; };
		FA10A9BA28AEAB84003A6FF1 /* Main.storyboard in Resources */ = {isa = PBXBuildFile; fileRef = FA10A9B828AEAB84003A6FF1 /* Main.storyboard */; };
		FA10A9BD28AEAB84003A6FF1 /* MyForcastApp.xcdatamodeld in Sources */ = {isa = PBXBuildFile; fileRef = FA10A9BB28AEAB84003A6FF1 /* MyForcastApp.xcdatamodeld */; };
		FA10A9BF28AEAB8C003A6FF1 /* Assets.xcassets in Resources */ = {isa = PBXBuildFile; fileRef = FA10A9BE28AEAB8C003A6FF1 /* Assets.xcassets */; };
		FA10A9C228AEAB8C003A6FF1 /* LaunchScreen.storyboard in Resources */ = {isa = PBXBuildFile; fileRef = FA10A9C028AEAB8C003A6FF1 /* LaunchScreen.storyboard */; };
		FA10A9D728AEAB8D003A6FF1 /* MyForcastAppUITests.swift in Sources */ = {isa = PBXBuildFile; fileRef = FA10A9D628AEAB8D003A6FF1 /* MyForcastAppUITests.swift */; };
		FA10A9D928AEAB8D003A6FF1 /* MyForcastAppUITestsLaunchTests.swift in Sources */ = {isa = PBXBuildFile; fileRef = FA10A9D828AEAB8D003A6FF1 /* MyForcastAppUITestsLaunchTests.swift */; };
		FA10A9ED28AEB05A003A6FF1 /* HomePageVM.swift in Sources */ = {isa = PBXBuildFile; fileRef = FA10A9E928AEB05A003A6FF1 /* HomePageVM.swift */; };
		FA10A9EE28AEB05A003A6FF1 /* HomePageModel.swift in Sources */ = {isa = PBXBuildFile; fileRef = FA10A9EA28AEB05A003A6FF1 /* HomePageModel.swift */; };
		FA10A9EF28AEB05A003A6FF1 /* HomePageVC.swift in Sources */ = {isa = PBXBuildFile; fileRef = FA10A9EB28AEB05A003A6FF1 /* HomePageVC.swift */; };
		FA10A9F028AEB05A003A6FF1 /* HomePageService.swift in Sources */ = {isa = PBXBuildFile; fileRef = FA10A9EC28AEB05A003A6FF1 /* HomePageService.swift */; };
		FA10A9F428AEB098003A6FF1 /* HomePageVC.xib in Resources */ = {isa = PBXBuildFile; fileRef = FA10A9F228AEB098003A6FF1 /* HomePageVC.xib */; };
		FA10A9F728AEB12A003A6FF1 /* MyCoordinator.swift in Sources */ = {isa = PBXBuildFile; fileRef = FA10A9F628AEB12A003A6FF1 /* MyCoordinator.swift */; };
		FA10A9F928AEB16D003A6FF1 /* MyVCGenerator.swift in Sources */ = {isa = PBXBuildFile; fileRef = FA10A9F828AEB16D003A6FF1 /* MyVCGenerator.swift */; };
		FA10A9FB28AEB1BC003A6FF1 /* MyBaseRepository.swift in Sources */ = {isa = PBXBuildFile; fileRef = FA10A9FA28AEB1BC003A6FF1 /* MyBaseRepository.swift */; };
		FA10AA0028AEB2F5003A6FF1 /* HomePageRepository.swift in Sources */ = {isa = PBXBuildFile; fileRef = FA10A9FF28AEB2F5003A6FF1 /* HomePageRepository.swift */; };
		FA10AA0228AEB5F9003A6FF1 /* BasePageVC.swift in Sources */ = {isa = PBXBuildFile; fileRef = FA10AA0128AEB5F9003A6FF1 /* BasePageVC.swift */; };
		FA10AA0728B002E7003A6FF1 /* MyHomeTableViewManager.swift in Sources */ = {isa = PBXBuildFile; fileRef = FA10AA0628B002E6003A6FF1 /* MyHomeTableViewManager.swift */; };
		FA21569728B00C1A007D7476 /* WeatherHomeCell.swift in Sources */ = {isa = PBXBuildFile; fileRef = FA21569528B00C1A007D7476 /* WeatherHomeCell.swift */; };
		FA21569828B00C1A007D7476 /* WeatherHomeCell.xib in Resources */ = {isa = PBXBuildFile; fileRef = FA21569628B00C1A007D7476 /* WeatherHomeCell.xib */; };
		FA21569B28B00E1E007D7476 /* WeatherResponse.swift in Sources */ = {isa = PBXBuildFile; fileRef = FA21569A28B00E1E007D7476 /* WeatherResponse.swift */; };
		FA21569E28B00E71007D7476 /* UIView+extension.swift in Sources */ = {isa = PBXBuildFile; fileRef = FA21569D28B00E71007D7476 /* UIView+extension.swift */; };
		FA2156A028B01032007D7476 /* MyConstants.swift in Sources */ = {isa = PBXBuildFile; fileRef = FA21569F28B01032007D7476 /* MyConstants.swift */; };
		FA2156A328B0224E007D7476 /* CityModel.swift in Sources */ = {isa = PBXBuildFile; fileRef = FA2156A228B0224E007D7476 /* CityModel.swift */; };
		FA2156AB28B0FEFA007D7476 /* SearchPageVM.swift in Sources */ = {isa = PBXBuildFile; fileRef = FA2156A728B0FEFA007D7476 /* SearchPageVM.swift */; };
		FA2156AC28B0FEFA007D7476 /* SearchPageModel.swift in Sources */ = {isa = PBXBuildFile; fileRef = FA2156A828B0FEFA007D7476 /* SearchPageModel.swift */; };
		FA2156AD28B0FEFA007D7476 /* SearchPageVC.swift in Sources */ = {isa = PBXBuildFile; fileRef = FA2156A928B0FEFA007D7476 /* SearchPageVC.swift */; };
		FA2156AE28B0FEFA007D7476 /* SearchPageService.swift in Sources */ = {isa = PBXBuildFile; fileRef = FA2156AA28B0FEFA007D7476 /* SearchPageService.swift */; };
		FA2156B228B100B2007D7476 /* SearchPageVC.xib in Resources */ = {isa = PBXBuildFile; fileRef = FA2156B028B100B2007D7476 /* SearchPageVC.xib */; };
		FA2156B528B10253007D7476 /* MySearchTableManager.swift in Sources */ = {isa = PBXBuildFile; fileRef = FA2156B428B10253007D7476 /* MySearchTableManager.swift */; };
		FA2156B728B102F8007D7476 /* CityLocationResponse.swift in Sources */ = {isa = PBXBuildFile; fileRef = FA2156B628B102F8007D7476 /* CityLocationResponse.swift */; };
		FA2156BB28B10494007D7476 /* CityItemCell.swift in Sources */ = {isa = PBXBuildFile; fileRef = FA2156B928B10494007D7476 /* CityItemCell.swift */; };
		FA2156BC28B10494007D7476 /* CityItemCell.xib in Resources */ = {isa = PBXBuildFile; fileRef = FA2156BA28B10494007D7476 /* CityItemCell.xib */; };
		FA2156BE28B10794007D7476 /* SearchPageRepository.swift in Sources */ = {isa = PBXBuildFile; fileRef = FA2156BD28B10794007D7476 /* SearchPageRepository.swift */; };
		FA2156C528B150D3007D7476 /* DetailsPageVM.swift in Sources */ = {isa = PBXBuildFile; fileRef = FA2156C128B150D3007D7476 /* DetailsPageVM.swift */; };
		FA2156C628B150D3007D7476 /* DetailsPageModel.swift in Sources */ = {isa = PBXBuildFile; fileRef = FA2156C228B150D3007D7476 /* DetailsPageModel.swift */; };
		FA2156C728B150D3007D7476 /* DetailsPageVC.swift in Sources */ = {isa = PBXBuildFile; fileRef = FA2156C328B150D3007D7476 /* DetailsPageVC.swift */; };
		FA2156C828B150D3007D7476 /* DetailsPageService.swift in Sources */ = {isa = PBXBuildFile; fileRef = FA2156C428B150D3007D7476 /* DetailsPageService.swift */; };
		FA2156CC28B152C9007D7476 /* DetailsPageVC.xib in Resources */ = {isa = PBXBuildFile; fileRef = FA2156CA28B152C9007D7476 /* DetailsPageVC.xib */; };
		FA2156CF28B16584007D7476 /* PersistenceService.swift in Sources */ = {isa = PBXBuildFile; fileRef = FA2156CE28B16584007D7476 /* PersistenceService.swift */; };
		FA2156D128B165B1007D7476 /* CoreDataManager.swift in Sources */ = {isa = PBXBuildFile; fileRef = FA2156D028B165B1007D7476 /* CoreDataManager.swift */; };
		FA2156E628B16AF5007D7476 /* CDCityModel+CoreDataClass.swift in Sources */ = {isa = PBXBuildFile; fileRef = FA2156E228B16AF5007D7476 /* CDCityModel+CoreDataClass.swift */; };
		FA2156E728B16AF5007D7476 /* CDCityModel+CoreDataProperties.swift in Sources */ = {isa = PBXBuildFile; fileRef = FA2156E328B16AF5007D7476 /* CDCityModel+CoreDataProperties.swift */; };
		FA2156E828B16AF5007D7476 /* CDWeatherModel+CoreDataClass.swift in Sources */ = {isa = PBXBuildFile; fileRef = FA2156E428B16AF5007D7476 /* CDWeatherModel+CoreDataClass.swift */; };
		FA2156E928B16AF5007D7476 /* CDWeatherModel+CoreDataProperties.swift in Sources */ = {isa = PBXBuildFile; fileRef = FA2156E528B16AF5007D7476 /* CDWeatherModel+CoreDataProperties.swift */; };
		FA736D9628B384BD00330BBB /* UIImageView+extension.swift in Sources */ = {isa = PBXBuildFile; fileRef = FA736D9528B384BD00330BBB /* UIImageView+extension.swift */; };
		FAAA2CB928B2481D00ECC02D /* HomePageVCTest.swift in Sources */ = {isa = PBXBuildFile; fileRef = FAAA2CB828B2481D00ECC02D /* HomePageVCTest.swift */; };
		FAAA2CBB28B24D7500ECC02D /* DetailsPageVCTest.swift in Sources */ = {isa = PBXBuildFile; fileRef = FAAA2CBA28B24D7500ECC02D /* DetailsPageVCTest.swift */; };
		FAAA2CBF28B24F5600ECC02D /* CoreDataManagerTest.swift in Sources */ = {isa = PBXBuildFile; fileRef = FAAA2CBE28B24F5600ECC02D /* CoreDataManagerTest.swift */; };
		FABC695528B235C800B6C6C3 /* SearchPageVCTest.swift in Sources */ = {isa = PBXBuildFile; fileRef = FABC695428B235C800B6C6C3 /* SearchPageVCTest.swift */; };
/* End PBXBuildFile section */

/* Begin PBXContainerItemProxy section */
		FA10A9C928AEAB8D003A6FF1 /* PBXContainerItemProxy */ = {
			isa = PBXContainerItemProxy;
			containerPortal = FA10A9A728AEAB84003A6FF1 /* Project object */;
			proxyType = 1;
			remoteGlobalIDString = FA10A9AE28AEAB84003A6FF1;
			remoteInfo = MyForcastApp;
		};
		FA10A9D328AEAB8D003A6FF1 /* PBXContainerItemProxy */ = {
			isa = PBXContainerItemProxy;
			containerPortal = FA10A9A728AEAB84003A6FF1 /* Project object */;
			proxyType = 1;
			remoteGlobalIDString = FA10A9AE28AEAB84003A6FF1;
			remoteInfo = MyForcastApp;
		};
/* End PBXContainerItemProxy section */

/* Begin PBXFileReference section */
		1F018912BA66E6F04F9D9669 /* Pods_MyForcastApp.framework */ = {isa = PBXFileReference; explicitFileType = wrapper.framework; includeInIndex = 0; path = Pods_MyForcastApp.framework; sourceTree = BUILT_PRODUCTS_DIR; };
		C443E82BC03F5DF5CF1C7F62 /* Pods-MyForcastApp.debug.xcconfig */ = {isa = PBXFileReference; includeInIndex = 1; lastKnownFileType = text.xcconfig; name = "Pods-MyForcastApp.debug.xcconfig"; path = "Target Support Files/Pods-MyForcastApp/Pods-MyForcastApp.debug.xcconfig"; sourceTree = "<group>"; };
		FA10A9AF28AEAB84003A6FF1 /* MyForcastApp.app */ = {isa = PBXFileReference; explicitFileType = wrapper.application; includeInIndex = 0; path = MyForcastApp.app; sourceTree = BUILT_PRODUCTS_DIR; };
		FA10A9B228AEAB84003A6FF1 /* AppDelegate.swift */ = {isa = PBXFileReference; lastKnownFileType = sourcecode.swift; path = AppDelegate.swift; sourceTree = "<group>"; };
		FA10A9B428AEAB84003A6FF1 /* SceneDelegate.swift */ = {isa = PBXFileReference; lastKnownFileType = sourcecode.swift; path = SceneDelegate.swift; sourceTree = "<group>"; };
		FA10A9B928AEAB84003A6FF1 /* Base */ = {isa = PBXFileReference; lastKnownFileType = file.storyboard; name = Base; path = Base.lproj/Main.storyboard; sourceTree = "<group>"; };
		FA10A9BC28AEAB84003A6FF1 /* MyForcastApp.xcdatamodel */ = {isa = PBXFileReference; lastKnownFileType = wrapper.xcdatamodel; path = MyForcastApp.xcdatamodel; sourceTree = "<group>"; };
		FA10A9BE28AEAB8C003A6FF1 /* Assets.xcassets */ = {isa = PBXFileReference; lastKnownFileType = folder.assetcatalog; path = Assets.xcassets; sourceTree = "<group>"; };
		FA10A9C128AEAB8C003A6FF1 /* Base */ = {isa = PBXFileReference; lastKnownFileType = file.storyboard; name = Base; path = Base.lproj/LaunchScreen.storyboard; sourceTree = "<group>"; };
		FA10A9C328AEAB8C003A6FF1 /* Info.plist */ = {isa = PBXFileReference; lastKnownFileType = text.plist.xml; path = Info.plist; sourceTree = "<group>"; };
		FA10A9C828AEAB8D003A6FF1 /* MyForcastAppTests.xctest */ = {isa = PBXFileReference; explicitFileType = wrapper.cfbundle; includeInIndex = 0; path = MyForcastAppTests.xctest; sourceTree = BUILT_PRODUCTS_DIR; };
		FA10A9D228AEAB8D003A6FF1 /* MyForcastAppUITests.xctest */ = {isa = PBXFileReference; explicitFileType = wrapper.cfbundle; includeInIndex = 0; path = MyForcastAppUITests.xctest; sourceTree = BUILT_PRODUCTS_DIR; };
		FA10A9D628AEAB8D003A6FF1 /* MyForcastAppUITests.swift */ = {isa = PBXFileReference; lastKnownFileType = sourcecode.swift; path = MyForcastAppUITests.swift; sourceTree = "<group>"; };
		FA10A9D828AEAB8D003A6FF1 /* MyForcastAppUITestsLaunchTests.swift */ = {isa = PBXFileReference; lastKnownFileType = sourcecode.swift; path = MyForcastAppUITestsLaunchTests.swift; sourceTree = "<group>"; };
		FA10A9E928AEB05A003A6FF1 /* HomePageVM.swift */ = {isa = PBXFileReference; lastKnownFileType = sourcecode.swift; path = HomePageVM.swift; sourceTree = "<group>"; };
		FA10A9EA28AEB05A003A6FF1 /* HomePageModel.swift */ = {isa = PBXFileReference; lastKnownFileType = sourcecode.swift; path = HomePageModel.swift; sourceTree = "<group>"; };
		FA10A9EB28AEB05A003A6FF1 /* HomePageVC.swift */ = {isa = PBXFileReference; lastKnownFileType = sourcecode.swift; path = HomePageVC.swift; sourceTree = "<group>"; };
		FA10A9EC28AEB05A003A6FF1 /* HomePageService.swift */ = {isa = PBXFileReference; lastKnownFileType = sourcecode.swift; path = HomePageService.swift; sourceTree = "<group>"; };
		FA10A9F228AEB098003A6FF1 /* HomePageVC.xib */ = {isa = PBXFileReference; lastKnownFileType = file.xib; path = HomePageVC.xib; sourceTree = "<group>"; };
		FA10A9F628AEB12A003A6FF1 /* MyCoordinator.swift */ = {isa = PBXFileReference; lastKnownFileType = sourcecode.swift; path = MyCoordinator.swift; sourceTree = "<group>"; };
		FA10A9F828AEB16D003A6FF1 /* MyVCGenerator.swift */ = {isa = PBXFileReference; lastKnownFileType = sourcecode.swift; path = MyVCGenerator.swift; sourceTree = "<group>"; };
		FA10A9FA28AEB1BC003A6FF1 /* MyBaseRepository.swift */ = {isa = PBXFileReference; lastKnownFileType = sourcecode.swift; path = MyBaseRepository.swift; sourceTree = "<group>"; };
		FA10A9FF28AEB2F5003A6FF1 /* HomePageRepository.swift */ = {isa = PBXFileReference; lastKnownFileType = sourcecode.swift; path = HomePageRepository.swift; sourceTree = "<group>"; };
		FA10AA0128AEB5F9003A6FF1 /* BasePageVC.swift */ = {isa = PBXFileReference; lastKnownFileType = sourcecode.swift; path = BasePageVC.swift; sourceTree = "<group>"; };
		FA10AA0628B002E6003A6FF1 /* MyHomeTableViewManager.swift */ = {isa = PBXFileReference; lastKnownFileType = sourcecode.swift; path = MyHomeTableViewManager.swift; sourceTree = "<group>"; };
		FA21569528B00C1A007D7476 /* WeatherHomeCell.swift */ = {isa = PBXFileReference; lastKnownFileType = sourcecode.swift; path = WeatherHomeCell.swift; sourceTree = "<group>"; };
		FA21569628B00C1A007D7476 /* WeatherHomeCell.xib */ = {isa = PBXFileReference; lastKnownFileType = file.xib; path = WeatherHomeCell.xib; sourceTree = "<group>"; };
		FA21569A28B00E1E007D7476 /* WeatherResponse.swift */ = {isa = PBXFileReference; lastKnownFileType = sourcecode.swift; path = WeatherResponse.swift; sourceTree = "<group>"; };
		FA21569D28B00E71007D7476 /* UIView+extension.swift */ = {isa = PBXFileReference; lastKnownFileType = sourcecode.swift; path = "UIView+extension.swift"; sourceTree = "<group>"; };
		FA21569F28B01032007D7476 /* MyConstants.swift */ = {isa = PBXFileReference; lastKnownFileType = sourcecode.swift; path = MyConstants.swift; sourceTree = "<group>"; };
		FA2156A228B0224E007D7476 /* CityModel.swift */ = {isa = PBXFileReference; lastKnownFileType = sourcecode.swift; path = CityModel.swift; sourceTree = "<group>"; };
		FA2156A728B0FEFA007D7476 /* SearchPageVM.swift */ = {isa = PBXFileReference; lastKnownFileType = sourcecode.swift; path = SearchPageVM.swift; sourceTree = "<group>"; };
		FA2156A828B0FEFA007D7476 /* SearchPageModel.swift */ = {isa = PBXFileReference; lastKnownFileType = sourcecode.swift; path = SearchPageModel.swift; sourceTree = "<group>"; };
		FA2156A928B0FEFA007D7476 /* SearchPageVC.swift */ = {isa = PBXFileReference; lastKnownFileType = sourcecode.swift; path = SearchPageVC.swift; sourceTree = "<group>"; };
		FA2156AA28B0FEFA007D7476 /* SearchPageService.swift */ = {isa = PBXFileReference; lastKnownFileType = sourcecode.swift; path = SearchPageService.swift; sourceTree = "<group>"; };
		FA2156B028B100B2007D7476 /* SearchPageVC.xib */ = {isa = PBXFileReference; lastKnownFileType = file.xib; path = SearchPageVC.xib; sourceTree = "<group>"; };
		FA2156B428B10253007D7476 /* MySearchTableManager.swift */ = {isa = PBXFileReference; lastKnownFileType = sourcecode.swift; path = MySearchTableManager.swift; sourceTree = "<group>"; };
		FA2156B628B102F8007D7476 /* CityLocationResponse.swift */ = {isa = PBXFileReference; lastKnownFileType = sourcecode.swift; path = CityLocationResponse.swift; sourceTree = "<group>"; };
		FA2156B928B10494007D7476 /* CityItemCell.swift */ = {isa = PBXFileReference; lastKnownFileType = sourcecode.swift; path = CityItemCell.swift; sourceTree = "<group>"; };
		FA2156BA28B10494007D7476 /* CityItemCell.xib */ = {isa = PBXFileReference; lastKnownFileType = file.xib; path = CityItemCell.xib; sourceTree = "<group>"; };
		FA2156BD28B10794007D7476 /* SearchPageRepository.swift */ = {isa = PBXFileReference; lastKnownFileType = sourcecode.swift; path = SearchPageRepository.swift; sourceTree = "<group>"; };
		FA2156C128B150D3007D7476 /* DetailsPageVM.swift */ = {isa = PBXFileReference; lastKnownFileType = sourcecode.swift; path = DetailsPageVM.swift; sourceTree = "<group>"; };
		FA2156C228B150D3007D7476 /* DetailsPageModel.swift */ = {isa = PBXFileReference; lastKnownFileType = sourcecode.swift; path = DetailsPageModel.swift; sourceTree = "<group>"; };
		FA2156C328B150D3007D7476 /* DetailsPageVC.swift */ = {isa = PBXFileReference; lastKnownFileType = sourcecode.swift; path = DetailsPageVC.swift; sourceTree = "<group>"; };
		FA2156C428B150D3007D7476 /* DetailsPageService.swift */ = {isa = PBXFileReference; lastKnownFileType = sourcecode.swift; path = DetailsPageService.swift; sourceTree = "<group>"; };
		FA2156CA28B152C9007D7476 /* DetailsPageVC.xib */ = {isa = PBXFileReference; lastKnownFileType = file.xib; path = DetailsPageVC.xib; sourceTree = "<group>"; };
		FA2156CE28B16584007D7476 /* PersistenceService.swift */ = {isa = PBXFileReference; lastKnownFileType = sourcecode.swift; path = PersistenceService.swift; sourceTree = "<group>"; };
		FA2156D028B165B1007D7476 /* CoreDataManager.swift */ = {isa = PBXFileReference; lastKnownFileType = sourcecode.swift; path = CoreDataManager.swift; sourceTree = "<group>"; };
		FA2156E228B16AF5007D7476 /* CDCityModel+CoreDataClass.swift */ = {isa = PBXFileReference; lastKnownFileType = sourcecode.swift; path = "CDCityModel+CoreDataClass.swift"; sourceTree = "<group>"; };
		FA2156E328B16AF5007D7476 /* CDCityModel+CoreDataProperties.swift */ = {isa = PBXFileReference; lastKnownFileType = sourcecode.swift; path = "CDCityModel+CoreDataProperties.swift"; sourceTree = "<group>"; };
		FA2156E428B16AF5007D7476 /* CDWeatherModel+CoreDataClass.swift */ = {isa = PBXFileReference; lastKnownFileType = sourcecode.swift; path = "CDWeatherModel+CoreDataClass.swift"; sourceTree = "<group>"; };
		FA2156E528B16AF5007D7476 /* CDWeatherModel+CoreDataProperties.swift */ = {isa = PBXFileReference; lastKnownFileType = sourcecode.swift; path = "CDWeatherModel+CoreDataProperties.swift"; sourceTree = "<group>"; };
		FA736D9528B384BD00330BBB /* UIImageView+extension.swift */ = {isa = PBXFileReference; lastKnownFileType = sourcecode.swift; path = "UIImageView+extension.swift"; sourceTree = "<group>"; };
		FAAA2CB828B2481D00ECC02D /* HomePageVCTest.swift */ = {isa = PBXFileReference; lastKnownFileType = sourcecode.swift; path = HomePageVCTest.swift; sourceTree = "<group>"; };
		FAAA2CBA28B24D7500ECC02D /* DetailsPageVCTest.swift */ = {isa = PBXFileReference; lastKnownFileType = sourcecode.swift; path = DetailsPageVCTest.swift; sourceTree = "<group>"; };
		FAAA2CBE28B24F5600ECC02D /* CoreDataManagerTest.swift */ = {isa = PBXFileReference; lastKnownFileType = sourcecode.swift; path = CoreDataManagerTest.swift; sourceTree = "<group>"; };
		FABC695428B235C800B6C6C3 /* SearchPageVCTest.swift */ = {isa = PBXFileReference; lastKnownFileType = sourcecode.swift; path = SearchPageVCTest.swift; sourceTree = "<group>"; };
		FBED8773B9575CDAE19FE71D /* Pods-MyForcastApp.release.xcconfig */ = {isa = PBXFileReference; includeInIndex = 1; lastKnownFileType = text.xcconfig; name = "Pods-MyForcastApp.release.xcconfig"; path = "Target Support Files/Pods-MyForcastApp/Pods-MyForcastApp.release.xcconfig"; sourceTree = "<group>"; };
/* End PBXFileReference section */

/* Begin PBXFrameworksBuildPhase section */
		FA10A9AC28AEAB84003A6FF1 /* Frameworks */ = {
			isa = PBXFrameworksBuildPhase;
			buildActionMask = 2147483647;
			files = (
				53CF2AAC2727FC92DD305337 /* Pods_MyForcastApp.framework in Frameworks */,
			);
			runOnlyForDeploymentPostprocessing = 0;
		};
		FA10A9C528AEAB8D003A6FF1 /* Frameworks */ = {
			isa = PBXFrameworksBuildPhase;
			buildActionMask = 2147483647;
			files = (
			);
			runOnlyForDeploymentPostprocessing = 0;
		};
		FA10A9CF28AEAB8D003A6FF1 /* Frameworks */ = {
			isa = PBXFrameworksBuildPhase;
			buildActionMask = 2147483647;
			files = (
			);
			runOnlyForDeploymentPostprocessing = 0;
		};
/* End PBXFrameworksBuildPhase section */

/* Begin PBXGroup section */
		12E315754A42AC8A8FFFC50E /* Frameworks */ = {
			isa = PBXGroup;
			children = (
				1F018912BA66E6F04F9D9669 /* Pods_MyForcastApp.framework */,
			);
			name = Frameworks;
			sourceTree = "<group>";
		};
		1618F308AE4AD5758296D9F1 /* Pods */ = {
			isa = PBXGroup;
			children = (
				C443E82BC03F5DF5CF1C7F62 /* Pods-MyForcastApp.debug.xcconfig */,
				FBED8773B9575CDAE19FE71D /* Pods-MyForcastApp.release.xcconfig */,
			);
			path = Pods;
			sourceTree = "<group>";
		};
		FA10A9A628AEAB84003A6FF1 = {
			isa = PBXGroup;
			children = (
				FA10A9B128AEAB84003A6FF1 /* MyForcastApp */,
				FA10A9CB28AEAB8D003A6FF1 /* MyForcastAppTests */,
				FA10A9D528AEAB8D003A6FF1 /* MyForcastAppUITests */,
				FA10A9B028AEAB84003A6FF1 /* Products */,
				1618F308AE4AD5758296D9F1 /* Pods */,
				12E315754A42AC8A8FFFC50E /* Frameworks */,
			);
			sourceTree = "<group>";
		};
		FA10A9B028AEAB84003A6FF1 /* Products */ = {
			isa = PBXGroup;
			children = (
				FA10A9AF28AEAB84003A6FF1 /* MyForcastApp.app */,
				FA10A9C828AEAB8D003A6FF1 /* MyForcastAppTests.xctest */,
				FA10A9D228AEAB8D003A6FF1 /* MyForcastAppUITests.xctest */,
			);
			name = Products;
			sourceTree = "<group>";
		};
		FA10A9B128AEAB84003A6FF1 /* MyForcastApp */ = {
			isa = PBXGroup;
			children = (
				FA10A9F528AEB11D003A6FF1 /* helpers */,
				FA10A9E628AEB02A003A6FF1 /* data */,
				FA10A9E528AEB023003A6FF1 /* ui */,
				FA10A9B228AEAB84003A6FF1 /* AppDelegate.swift */,
				FA10A9B428AEAB84003A6FF1 /* SceneDelegate.swift */,
				FA10A9B828AEAB84003A6FF1 /* Main.storyboard */,
				FA10A9BE28AEAB8C003A6FF1 /* Assets.xcassets */,
				FA10A9C028AEAB8C003A6FF1 /* LaunchScreen.storyboard */,
				FA10A9C328AEAB8C003A6FF1 /* Info.plist */,
			);
			path = MyForcastApp;
			sourceTree = "<group>";
		};
		FA10A9CB28AEAB8D003A6FF1 /* MyForcastAppTests */ = {
			isa = PBXGroup;
			children = (
				FAAA2CBC28B24F4300ECC02D /* data */,
				FABC695028B2358500B6C6C3 /* pages */,
			);
			path = MyForcastAppTests;
			sourceTree = "<group>";
		};
		FA10A9D528AEAB8D003A6FF1 /* MyForcastAppUITests */ = {
			isa = PBXGroup;
			children = (
				FA10A9D628AEAB8D003A6FF1 /* MyForcastAppUITests.swift */,
				FA10A9D828AEAB8D003A6FF1 /* MyForcastAppUITestsLaunchTests.swift */,
			);
			path = MyForcastAppUITests;
			sourceTree = "<group>";
		};
		FA10A9E528AEB023003A6FF1 /* ui */ = {
			isa = PBXGroup;
			children = (
				FA10A9E828AEB035003A6FF1 /* customViews */,
				FA10A9E728AEB02F003A6FF1 /* pages */,
			);
			path = ui;
			sourceTree = "<group>";
		};
		FA10A9E628AEB02A003A6FF1 /* data */ = {
			isa = PBXGroup;
			children = (
				FA10A9FD28AEB2CE003A6FF1 /* local */,
				FA10A9FC28AEB2C5003A6FF1 /* api */,
			);
			path = data;
			sourceTree = "<group>";
		};
		FA10A9E728AEB02F003A6FF1 /* pages */ = {
			isa = PBXGroup;
			children = (
				FA2156C028B150B8007D7476 /* detailsPage */,
				FA2156A628B0FED6007D7476 /* SearchCiyPage */,
				FA10AA0428AEB64E003A6FF1 /* base */,
				FA10AA0328AEB640003A6FF1 /* homePage */,
			);
			path = pages;
			sourceTree = "<group>";
		};
		FA10A9E828AEB035003A6FF1 /* customViews */ = {
			isa = PBXGroup;
			children = (
				FA21569C28B00E5F007D7476 /* extensions */,
				FA21569228B00955007D7476 /* cells */,
			);
			path = customViews;
			sourceTree = "<group>";
		};
		FA10A9F528AEB11D003A6FF1 /* helpers */ = {
			isa = PBXGroup;
			children = (
				FA10A9F628AEB12A003A6FF1 /* MyCoordinator.swift */,
				FA10A9F828AEB16D003A6FF1 /* MyVCGenerator.swift */,
				FA10A9FA28AEB1BC003A6FF1 /* MyBaseRepository.swift */,
				FA21569F28B01032007D7476 /* MyConstants.swift */,
			);
			path = helpers;
			sourceTree = "<group>";
		};
		FA10A9FC28AEB2C5003A6FF1 /* api */ = {
			isa = PBXGroup;
			children = (
				FA21569928B00E02007D7476 /* models */,
				FA10A9FE28AEB2DD003A6FF1 /* repositories */,
			);
			path = api;
			sourceTree = "<group>";
		};
		FA10A9FD28AEB2CE003A6FF1 /* local */ = {
			isa = PBXGroup;
			children = (
				FA2156CD28B16575007D7476 /* coreData */,
				FA2156A128B02234007D7476 /* models */,
				FA10A9BB28AEAB84003A6FF1 /* MyForcastApp.xcdatamodeld */,
			);
			path = local;
			sourceTree = "<group>";
		};
		FA10A9FE28AEB2DD003A6FF1 /* repositories */ = {
			isa = PBXGroup;
			children = (
				FA10A9FF28AEB2F5003A6FF1 /* HomePageRepository.swift */,
				FA2156BD28B10794007D7476 /* SearchPageRepository.swift */,
			);
			path = repositories;
			sourceTree = "<group>";
		};
		FA10AA0328AEB640003A6FF1 /* homePage */ = {
			isa = PBXGroup;
			children = (
				FA10AA0528B0029D003A6FF1 /* tools */,
				FA10A9EC28AEB05A003A6FF1 /* HomePageService.swift */,
				FA10A9EA28AEB05A003A6FF1 /* HomePageModel.swift */,
				FA10A9E928AEB05A003A6FF1 /* HomePageVM.swift */,
				FA10A9EB28AEB05A003A6FF1 /* HomePageVC.swift */,
				FA10A9F228AEB098003A6FF1 /* HomePageVC.xib */,
			);
			path = homePage;
			sourceTree = "<group>";
		};
		FA10AA0428AEB64E003A6FF1 /* base */ = {
			isa = PBXGroup;
			children = (
				FA10AA0128AEB5F9003A6FF1 /* BasePageVC.swift */,
			);
			path = base;
			sourceTree = "<group>";
		};
		FA10AA0528B0029D003A6FF1 /* tools */ = {
			isa = PBXGroup;
			children = (
				FA10AA0628B002E6003A6FF1 /* MyHomeTableViewManager.swift */,
			);
			path = tools;
			sourceTree = "<group>";
		};
		FA21569228B00955007D7476 /* cells */ = {
			isa = PBXGroup;
			children = (
				FA2156BF28B14DDE007D7476 /* weatherCell */,
				FA2156B828B10478007D7476 /* cityCell */,
			);
			path = cells;
			sourceTree = "<group>";
		};
		FA21569928B00E02007D7476 /* models */ = {
			isa = PBXGroup;
			children = (
				FA21569A28B00E1E007D7476 /* WeatherResponse.swift */,
				FA2156B628B102F8007D7476 /* CityLocationResponse.swift */,
			);
			path = models;
			sourceTree = "<group>";
		};
		FA21569C28B00E5F007D7476 /* extensions */ = {
			isa = PBXGroup;
			children = (
				FA21569D28B00E71007D7476 /* UIView+extension.swift */,
				FA736D9528B384BD00330BBB /* UIImageView+extension.swift */,
			);
			path = extensions;
			sourceTree = "<group>";
		};
		FA2156A128B02234007D7476 /* models */ = {
			isa = PBXGroup;
			children = (
				FA2156E228B16AF5007D7476 /* CDCityModel+CoreDataClass.swift */,
				FA2156E328B16AF5007D7476 /* CDCityModel+CoreDataProperties.swift */,
				FA2156E428B16AF5007D7476 /* CDWeatherModel+CoreDataClass.swift */,
				FA2156E528B16AF5007D7476 /* CDWeatherModel+CoreDataProperties.swift */,
				FA2156A228B0224E007D7476 /* CityModel.swift */,
			);
			path = models;
			sourceTree = "<group>";
		};
		FA2156A628B0FED6007D7476 /* SearchCiyPage */ = {
			isa = PBXGroup;
			children = (
				FA2156B328B10242007D7476 /* tools */,
				FA2156A728B0FEFA007D7476 /* SearchPageVM.swift */,
				FA2156A828B0FEFA007D7476 /* SearchPageModel.swift */,
				FA2156AA28B0FEFA007D7476 /* SearchPageService.swift */,
				FA2156A928B0FEFA007D7476 /* SearchPageVC.swift */,
				FA2156B028B100B2007D7476 /* SearchPageVC.xib */,
			);
			path = SearchCiyPage;
			sourceTree = "<group>";
		};
		FA2156B328B10242007D7476 /* tools */ = {
			isa = PBXGroup;
			children = (
				FA2156B428B10253007D7476 /* MySearchTableManager.swift */,
			);
			path = tools;
			sourceTree = "<group>";
		};
		FA2156B828B10478007D7476 /* cityCell */ = {
			isa = PBXGroup;
			children = (
				FA2156B928B10494007D7476 /* CityItemCell.swift */,
				FA2156BA28B10494007D7476 /* CityItemCell.xib */,
			);
			path = cityCell;
			sourceTree = "<group>";
		};
		FA2156BF28B14DDE007D7476 /* weatherCell */ = {
			isa = PBXGroup;
			children = (
				FA21569528B00C1A007D7476 /* WeatherHomeCell.swift */,
				FA21569628B00C1A007D7476 /* WeatherHomeCell.xib */,
			);
			path = weatherCell;
			sourceTree = "<group>";
		};
		FA2156C028B150B8007D7476 /* detailsPage */ = {
			isa = PBXGroup;
			children = (
				FA2156C428B150D3007D7476 /* DetailsPageService.swift */,
				FA2156C228B150D3007D7476 /* DetailsPageModel.swift */,
				FA2156C128B150D3007D7476 /* DetailsPageVM.swift */,
				FA2156C328B150D3007D7476 /* DetailsPageVC.swift */,
				FA2156CA28B152C9007D7476 /* DetailsPageVC.xib */,
			);
			path = detailsPage;
			sourceTree = "<group>";
		};
		FA2156CD28B16575007D7476 /* coreData */ = {
			isa = PBXGroup;
			children = (
				FA2156CE28B16584007D7476 /* PersistenceService.swift */,
				FA2156D028B165B1007D7476 /* CoreDataManager.swift */,
			);
			path = coreData;
			sourceTree = "<group>";
		};
		FAAA2CBC28B24F4300ECC02D /* data */ = {
			isa = PBXGroup;
			children = (
				FAAA2CBD28B24F4800ECC02D /* local */,
			);
			path = data;
			sourceTree = "<group>";
		};
		FAAA2CBD28B24F4800ECC02D /* local */ = {
			isa = PBXGroup;
			children = (
				FAAA2CBE28B24F5600ECC02D /* CoreDataManagerTest.swift */,
			);
			path = local;
			sourceTree = "<group>";
		};
		FABC695028B2358500B6C6C3 /* pages */ = {
			isa = PBXGroup;
			children = (
				FABC695328B235AA00B6C6C3 /* detailsPage */,
				FABC695228B2359E00B6C6C3 /* SearchCiyPage */,
				FABC695128B2358F00B6C6C3 /* homePage */,
			);
			path = pages;
			sourceTree = "<group>";
		};
		FABC695128B2358F00B6C6C3 /* homePage */ = {
			isa = PBXGroup;
			children = (
				FAAA2CB828B2481D00ECC02D /* HomePageVCTest.swift */,
			);
			path = homePage;
			sourceTree = "<group>";
		};
		FABC695228B2359E00B6C6C3 /* SearchCiyPage */ = {
			isa = PBXGroup;
			children = (
				FABC695428B235C800B6C6C3 /* SearchPageVCTest.swift */,
			);
			path = SearchCiyPage;
			sourceTree = "<group>";
		};
		FABC695328B235AA00B6C6C3 /* detailsPage */ = {
			isa = PBXGroup;
			children = (
				FAAA2CBA28B24D7500ECC02D /* DetailsPageVCTest.swift */,
			);
			path = detailsPage;
			sourceTree = "<group>";
		};
/* End PBXGroup section */

/* Begin PBXNativeTarget section */
		FA10A9AE28AEAB84003A6FF1 /* MyForcastApp */ = {
			isa = PBXNativeTarget;
			buildConfigurationList = FA10A9DC28AEAB8D003A6FF1 /* Build configuration list for PBXNativeTarget "MyForcastApp" */;
			buildPhases = (
				D3FA679888E93DF6FF239C1D /* [CP] Check Pods Manifest.lock */,
				FA10A9AB28AEAB84003A6FF1 /* Sources */,
				FA10A9AC28AEAB84003A6FF1 /* Frameworks */,
				FA10A9AD28AEAB84003A6FF1 /* Resources */,
				33858347AB838AD8DFE83D1A /* [CP] Embed Pods Frameworks */,
				FA21569128B007EE007D7476 /* ShellScript */,
			);
			buildRules = (
			);
			dependencies = (
			);
			name = MyForcastApp;
			productName = MyForcastApp;
			productReference = FA10A9AF28AEAB84003A6FF1 /* MyForcastApp.app */;
			productType = "com.apple.product-type.application";
		};
		FA10A9C728AEAB8D003A6FF1 /* MyForcastAppTests */ = {
			isa = PBXNativeTarget;
			buildConfigurationList = FA10A9DF28AEAB8D003A6FF1 /* Build configuration list for PBXNativeTarget "MyForcastAppTests" */;
			buildPhases = (
				FA10A9C428AEAB8D003A6FF1 /* Sources */,
				FA10A9C528AEAB8D003A6FF1 /* Frameworks */,
				FA10A9C628AEAB8D003A6FF1 /* Resources */,
			);
			buildRules = (
			);
			dependencies = (
				FA10A9CA28AEAB8D003A6FF1 /* PBXTargetDependency */,
			);
			name = MyForcastAppTests;
			productName = MyForcastAppTests;
			productReference = FA10A9C828AEAB8D003A6FF1 /* MyForcastAppTests.xctest */;
			productType = "com.apple.product-type.bundle.unit-test";
		};
		FA10A9D128AEAB8D003A6FF1 /* MyForcastAppUITests */ = {
			isa = PBXNativeTarget;
			buildConfigurationList = FA10A9E228AEAB8D003A6FF1 /* Build configuration list for PBXNativeTarget "MyForcastAppUITests" */;
			buildPhases = (
				FA10A9CE28AEAB8D003A6FF1 /* Sources */,
				FA10A9CF28AEAB8D003A6FF1 /* Frameworks */,
				FA10A9D028AEAB8D003A6FF1 /* Resources */,
			);
			buildRules = (
			);
			dependencies = (
				FA10A9D428AEAB8D003A6FF1 /* PBXTargetDependency */,
			);
			name = MyForcastAppUITests;
			productName = MyForcastAppUITests;
			productReference = FA10A9D228AEAB8D003A6FF1 /* MyForcastAppUITests.xctest */;
			productType = "com.apple.product-type.bundle.ui-testing";
		};
/* End PBXNativeTarget section */

/* Begin PBXProject section */
		FA10A9A728AEAB84003A6FF1 /* Project object */ = {
			isa = PBXProject;
			attributes = {
				BuildIndependentTargetsInParallel = 1;
				LastSwiftUpdateCheck = 1340;
				LastUpgradeCheck = 1340;
				TargetAttributes = {
					FA10A9AE28AEAB84003A6FF1 = {
						CreatedOnToolsVersion = 13.4;
					};
					FA10A9C728AEAB8D003A6FF1 = {
						CreatedOnToolsVersion = 13.4;
						TestTargetID = FA10A9AE28AEAB84003A6FF1;
					};
					FA10A9D128AEAB8D003A6FF1 = {
						CreatedOnToolsVersion = 13.4;
						TestTargetID = FA10A9AE28AEAB84003A6FF1;
					};
				};
			};
			buildConfigurationList = FA10A9AA28AEAB84003A6FF1 /* Build configuration list for PBXProject "MyForcastApp" */;
			compatibilityVersion = "Xcode 13.0";
			developmentRegion = en;
			hasScannedForEncodings = 0;
			knownRegions = (
				en,
				Base,
			);
			mainGroup = FA10A9A628AEAB84003A6FF1;
			productRefGroup = FA10A9B028AEAB84003A6FF1 /* Products */;
			projectDirPath = "";
			projectRoot = "";
			targets = (
				FA10A9AE28AEAB84003A6FF1 /* MyForcastApp */,
				FA10A9C728AEAB8D003A6FF1 /* MyForcastAppTests */,
				FA10A9D128AEAB8D003A6FF1 /* MyForcastAppUITests */,
			);
		};
/* End PBXProject section */

/* Begin PBXResourcesBuildPhase section */
		FA10A9AD28AEAB84003A6FF1 /* Resources */ = {
			isa = PBXResourcesBuildPhase;
			buildActionMask = 2147483647;
			files = (
				FA10A9C228AEAB8C003A6FF1 /* LaunchScreen.storyboard in Resources */,
				FA2156B228B100B2007D7476 /* SearchPageVC.xib in Resources */,
				FA10A9BF28AEAB8C003A6FF1 /* Assets.xcassets in Resources */,
				FA2156BC28B10494007D7476 /* CityItemCell.xib in Resources */,
				FA10A9F428AEB098003A6FF1 /* HomePageVC.xib in Resources */,
				FA21569828B00C1A007D7476 /* WeatherHomeCell.xib in Resources */,
				FA2156CC28B152C9007D7476 /* DetailsPageVC.xib in Resources */,
				FA10A9BA28AEAB84003A6FF1 /* Main.storyboard in Resources */,
			);
			runOnlyForDeploymentPostprocessing = 0;
		};
		FA10A9C628AEAB8D003A6FF1 /* Resources */ = {
			isa = PBXResourcesBuildPhase;
			buildActionMask = 2147483647;
			files = (
			);
			runOnlyForDeploymentPostprocessing = 0;
		};
		FA10A9D028AEAB8D003A6FF1 /* Resources */ = {
			isa = PBXResourcesBuildPhase;
			buildActionMask = 2147483647;
			files = (
			);
			runOnlyForDeploymentPostprocessing = 0;
		};
/* End PBXResourcesBuildPhase section */

/* Begin PBXShellScriptBuildPhase section */
		33858347AB838AD8DFE83D1A /* [CP] Embed Pods Frameworks */ = {
			isa = PBXShellScriptBuildPhase;
			buildActionMask = 2147483647;
			files = (
			);
			inputFileListPaths = (
				"${PODS_ROOT}/Target Support Files/Pods-MyForcastApp/Pods-MyForcastApp-frameworks-${CONFIGURATION}-input-files.xcfilelist",
			);
			name = "[CP] Embed Pods Frameworks";
			outputFileListPaths = (
				"${PODS_ROOT}/Target Support Files/Pods-MyForcastApp/Pods-MyForcastApp-frameworks-${CONFIGURATION}-output-files.xcfilelist",
			);
			runOnlyForDeploymentPostprocessing = 0;
			shellPath = /bin/sh;
			shellScript = "\"${PODS_ROOT}/Target Support Files/Pods-MyForcastApp/Pods-MyForcastApp-frameworks.sh\"\n";
			showEnvVarsInLog = 0;
		};
		D3FA679888E93DF6FF239C1D /* [CP] Check Pods Manifest.lock */ = {
			isa = PBXShellScriptBuildPhase;
			buildActionMask = 2147483647;
			files = (
			);
			inputFileListPaths = (
			);
			inputPaths = (
				"${PODS_PODFILE_DIR_PATH}/Podfile.lock",
				"${PODS_ROOT}/Manifest.lock",
			);
			name = "[CP] Check Pods Manifest.lock";
			outputFileListPaths = (
			);
			outputPaths = (
				"$(DERIVED_FILE_DIR)/Pods-MyForcastApp-checkManifestLockResult.txt",
			);
			runOnlyForDeploymentPostprocessing = 0;
			shellPath = /bin/sh;
			shellScript = "diff \"${PODS_PODFILE_DIR_PATH}/Podfile.lock\" \"${PODS_ROOT}/Manifest.lock\" > /dev/null\nif [ $? != 0 ] ; then\n    # print error to STDERR\n    echo \"error: The sandbox is not in sync with the Podfile.lock. Run 'pod install' or update your CocoaPods installation.\" >&2\n    exit 1\nfi\n# This output is used by Xcode 'outputs' to avoid re-running this script phase.\necho \"SUCCESS\" > \"${SCRIPT_OUTPUT_FILE_0}\"\n";
			showEnvVarsInLog = 0;
		};
		FA21569128B007EE007D7476 /* ShellScript */ = {
			isa = PBXShellScriptBuildPhase;
			buildActionMask = 2147483647;
			files = (
			);
			inputFileListPaths = (
			);
			inputPaths = (
			);
			outputFileListPaths = (
			);
			outputPaths = (
			);
			runOnlyForDeploymentPostprocessing = 0;
			shellPath = /bin/sh;
			shellScript = "export PATH=\"$PATH:/opt/homebrew/bin\"\nif which swiftlint > /dev/null; then\n  swiftlint\nelse\n  echo \"warning: SwiftLint not installed, download from https://github.com/realm/SwiftLint\"\nfi\n";
		};
/* End PBXShellScriptBuildPhase section */

/* Begin PBXSourcesBuildPhase section */
		FA10A9AB28AEAB84003A6FF1 /* Sources */ = {
			isa = PBXSourcesBuildPhase;
			buildActionMask = 2147483647;
			files = (
				FA2156AC28B0FEFA007D7476 /* SearchPageModel.swift in Sources */,
				FA10A9F728AEB12A003A6FF1 /* MyCoordinator.swift in Sources */,
				FA2156AD28B0FEFA007D7476 /* SearchPageVC.swift in Sources */,
				FA2156A028B01032007D7476 /* MyConstants.swift in Sources */,
				FA21569B28B00E1E007D7476 /* WeatherResponse.swift in Sources */,
				FA21569E28B00E71007D7476 /* UIView+extension.swift in Sources */,
				FA10A9F928AEB16D003A6FF1 /* MyVCGenerator.swift in Sources */,
				FA2156C828B150D3007D7476 /* DetailsPageService.swift in Sources */,
				FA10A9ED28AEB05A003A6FF1 /* HomePageVM.swift in Sources */,
				FA10AA0228AEB5F9003A6FF1 /* BasePageVC.swift in Sources */,
				FA10A9B328AEAB84003A6FF1 /* AppDelegate.swift in Sources */,
				FA2156A328B0224E007D7476 /* CityModel.swift in Sources */,
				FA10A9EE28AEB05A003A6FF1 /* HomePageModel.swift in Sources */,
				FA2156E628B16AF5007D7476 /* CDCityModel+CoreDataClass.swift in Sources */,
				FA2156AB28B0FEFA007D7476 /* SearchPageVM.swift in Sources */,
				FA2156D128B165B1007D7476 /* CoreDataManager.swift in Sources */,
				FA2156E828B16AF5007D7476 /* CDWeatherModel+CoreDataClass.swift in Sources */,
				FA2156E928B16AF5007D7476 /* CDWeatherModel+CoreDataProperties.swift in Sources */,
				FA10AA0728B002E7003A6FF1 /* MyHomeTableViewManager.swift in Sources */,
				FA2156E728B16AF5007D7476 /* CDCityModel+CoreDataProperties.swift in Sources */,
				FA2156C528B150D3007D7476 /* DetailsPageVM.swift in Sources */,
				FA10A9EF28AEB05A003A6FF1 /* HomePageVC.swift in Sources */,
				FA21569728B00C1A007D7476 /* WeatherHomeCell.swift in Sources */,
				FA2156C628B150D3007D7476 /* DetailsPageModel.swift in Sources */,
				FA2156C728B150D3007D7476 /* DetailsPageVC.swift in Sources */,
				FA10A9BD28AEAB84003A6FF1 /* MyForcastApp.xcdatamodeld in Sources */,
				FA10A9B528AEAB84003A6FF1 /* SceneDelegate.swift in Sources */,
				FA2156BE28B10794007D7476 /* SearchPageRepository.swift in Sources */,
				FA2156BB28B10494007D7476 /* CityItemCell.swift in Sources */,
				FA736D9628B384BD00330BBB /* UIImageView+extension.swift in Sources */,
				FA10A9FB28AEB1BC003A6FF1 /* MyBaseRepository.swift in Sources */,
				FA2156B528B10253007D7476 /* MySearchTableManager.swift in Sources */,
				FA10A9F028AEB05A003A6FF1 /* HomePageService.swift in Sources */,
				FA2156CF28B16584007D7476 /* PersistenceService.swift in Sources */,
				FA2156AE28B0FEFA007D7476 /* SearchPageService.swift in Sources */,
				FA2156B728B102F8007D7476 /* CityLocationResponse.swift in Sources */,
				FA10AA0028AEB2F5003A6FF1 /* HomePageRepository.swift in Sources */,
			);
			runOnlyForDeploymentPostprocessing = 0;
		};
		FA10A9C428AEAB8D003A6FF1 /* Sources */ = {
			isa = PBXSourcesBuildPhase;
			buildActionMask = 2147483647;
			files = (
				FAAA2CB928B2481D00ECC02D /* HomePageVCTest.swift in Sources */,
				FAAA2CBB28B24D7500ECC02D /* DetailsPageVCTest.swift in Sources */,
				FAAA2CBF28B24F5600ECC02D /* CoreDataManagerTest.swift in Sources */,
				FABC695528B235C800B6C6C3 /* SearchPageVCTest.swift in Sources */,
			);
			runOnlyForDeploymentPostprocessing = 0;
		};
		FA10A9CE28AEAB8D003A6FF1 /* Sources */ = {
			isa = PBXSourcesBuildPhase;
			buildActionMask = 2147483647;
			files = (
				FA10A9D728AEAB8D003A6FF1 /* MyForcastAppUITests.swift in Sources */,
				FA10A9D928AEAB8D003A6FF1 /* MyForcastAppUITestsLaunchTests.swift in Sources */,
			);
			runOnlyForDeploymentPostprocessing = 0;
		};
/* End PBXSourcesBuildPhase section */

/* Begin PBXTargetDependency section */
		FA10A9CA28AEAB8D003A6FF1 /* PBXTargetDependency */ = {
			isa = PBXTargetDependency;
			target = FA10A9AE28AEAB84003A6FF1 /* MyForcastApp */;
			targetProxy = FA10A9C928AEAB8D003A6FF1 /* PBXContainerItemProxy */;
		};
		FA10A9D428AEAB8D003A6FF1 /* PBXTargetDependency */ = {
			isa = PBXTargetDependency;
			target = FA10A9AE28AEAB84003A6FF1 /* MyForcastApp */;
			targetProxy = FA10A9D328AEAB8D003A6FF1 /* PBXContainerItemProxy */;
		};
/* End PBXTargetDependency section */

/* Begin PBXVariantGroup section */
		FA10A9B828AEAB84003A6FF1 /* Main.storyboard */ = {
			isa = PBXVariantGroup;
			children = (
				FA10A9B928AEAB84003A6FF1 /* Base */,
			);
			name = Main.storyboard;
			sourceTree = "<group>";
		};
		FA10A9C028AEAB8C003A6FF1 /* LaunchScreen.storyboard */ = {
			isa = PBXVariantGroup;
			children = (
				FA10A9C128AEAB8C003A6FF1 /* Base */,
			);
			name = LaunchScreen.storyboard;
			sourceTree = "<group>";
		};
/* End PBXVariantGroup section */

/* Begin XCBuildConfiguration section */
		FA10A9DA28AEAB8D003A6FF1 /* Debug */ = {
			isa = XCBuildConfiguration;
			buildSettings = {
				ALWAYS_SEARCH_USER_PATHS = NO;
				CLANG_ANALYZER_NONNULL = YES;
				CLANG_ANALYZER_NUMBER_OBJECT_CONVERSION = YES_AGGRESSIVE;
				CLANG_CXX_LANGUAGE_STANDARD = "gnu++17";
				CLANG_ENABLE_MODULES = YES;
				CLANG_ENABLE_OBJC_ARC = YES;
				CLANG_ENABLE_OBJC_WEAK = YES;
				CLANG_WARN_BLOCK_CAPTURE_AUTORELEASING = YES;
				CLANG_WARN_BOOL_CONVERSION = YES;
				CLANG_WARN_COMMA = YES;
				CLANG_WARN_CONSTANT_CONVERSION = YES;
				CLANG_WARN_DEPRECATED_OBJC_IMPLEMENTATIONS = YES;
				CLANG_WARN_DIRECT_OBJC_ISA_USAGE = YES_ERROR;
				CLANG_WARN_DOCUMENTATION_COMMENTS = YES;
				CLANG_WARN_EMPTY_BODY = YES;
				CLANG_WARN_ENUM_CONVERSION = YES;
				CLANG_WARN_INFINITE_RECURSION = YES;
				CLANG_WARN_INT_CONVERSION = YES;
				CLANG_WARN_NON_LITERAL_NULL_CONVERSION = YES;
				CLANG_WARN_OBJC_IMPLICIT_RETAIN_SELF = YES;
				CLANG_WARN_OBJC_LITERAL_CONVERSION = YES;
				CLANG_WARN_OBJC_ROOT_CLASS = YES_ERROR;
				CLANG_WARN_QUOTED_INCLUDE_IN_FRAMEWORK_HEADER = YES;
				CLANG_WARN_RANGE_LOOP_ANALYSIS = YES;
				CLANG_WARN_STRICT_PROTOTYPES = YES;
				CLANG_WARN_SUSPICIOUS_MOVE = YES;
				CLANG_WARN_UNGUARDED_AVAILABILITY = YES_AGGRESSIVE;
				CLANG_WARN_UNREACHABLE_CODE = YES;
				CLANG_WARN__DUPLICATE_METHOD_MATCH = YES;
				COPY_PHASE_STRIP = NO;
				DEBUG_INFORMATION_FORMAT = dwarf;
				ENABLE_STRICT_OBJC_MSGSEND = YES;
				ENABLE_TESTABILITY = YES;
				GCC_C_LANGUAGE_STANDARD = gnu11;
				GCC_DYNAMIC_NO_PIC = NO;
				GCC_NO_COMMON_BLOCKS = YES;
				GCC_OPTIMIZATION_LEVEL = 0;
				GCC_PREPROCESSOR_DEFINITIONS = (
					"DEBUG=1",
					"$(inherited)",
				);
				GCC_WARN_64_TO_32_BIT_CONVERSION = YES;
				GCC_WARN_ABOUT_RETURN_TYPE = YES_ERROR;
				GCC_WARN_UNDECLARED_SELECTOR = YES;
				GCC_WARN_UNINITIALIZED_AUTOS = YES_AGGRESSIVE;
				GCC_WARN_UNUSED_FUNCTION = YES;
				GCC_WARN_UNUSED_VARIABLE = YES;
				IPHONEOS_DEPLOYMENT_TARGET = 15.5;
				MTL_ENABLE_DEBUG_INFO = INCLUDE_SOURCE;
				MTL_FAST_MATH = YES;
				ONLY_ACTIVE_ARCH = YES;
				SDKROOT = iphoneos;
				SWIFT_ACTIVE_COMPILATION_CONDITIONS = DEBUG;
				SWIFT_OPTIMIZATION_LEVEL = "-Onone";
			};
			name = Debug;
		};
		FA10A9DB28AEAB8D003A6FF1 /* Release */ = {
			isa = XCBuildConfiguration;
			buildSettings = {
				ALWAYS_SEARCH_USER_PATHS = NO;
				CLANG_ANALYZER_NONNULL = YES;
				CLANG_ANALYZER_NUMBER_OBJECT_CONVERSION = YES_AGGRESSIVE;
				CLANG_CXX_LANGUAGE_STANDARD = "gnu++17";
				CLANG_ENABLE_MODULES = YES;
				CLANG_ENABLE_OBJC_ARC = YES;
				CLANG_ENABLE_OBJC_WEAK = YES;
				CLANG_WARN_BLOCK_CAPTURE_AUTORELEASING = YES;
				CLANG_WARN_BOOL_CONVERSION = YES;
				CLANG_WARN_COMMA = YES;
				CLANG_WARN_CONSTANT_CONVERSION = YES;
				CLANG_WARN_DEPRECATED_OBJC_IMPLEMENTATIONS = YES;
				CLANG_WARN_DIRECT_OBJC_ISA_USAGE = YES_ERROR;
				CLANG_WARN_DOCUMENTATION_COMMENTS = YES;
				CLANG_WARN_EMPTY_BODY = YES;
				CLANG_WARN_ENUM_CONVERSION = YES;
				CLANG_WARN_INFINITE_RECURSION = YES;
				CLANG_WARN_INT_CONVERSION = YES;
				CLANG_WARN_NON_LITERAL_NULL_CONVERSION = YES;
				CLANG_WARN_OBJC_IMPLICIT_RETAIN_SELF = YES;
				CLANG_WARN_OBJC_LITERAL_CONVERSION = YES;
				CLANG_WARN_OBJC_ROOT_CLASS = YES_ERROR;
				CLANG_WARN_QUOTED_INCLUDE_IN_FRAMEWORK_HEADER = YES;
				CLANG_WARN_RANGE_LOOP_ANALYSIS = YES;
				CLANG_WARN_STRICT_PROTOTYPES = YES;
				CLANG_WARN_SUSPICIOUS_MOVE = YES;
				CLANG_WARN_UNGUARDED_AVAILABILITY = YES_AGGRESSIVE;
				CLANG_WARN_UNREACHABLE_CODE = YES;
				CLANG_WARN__DUPLICATE_METHOD_MATCH = YES;
				COPY_PHASE_STRIP = NO;
				DEBUG_INFORMATION_FORMAT = "dwarf-with-dsym";
				ENABLE_NS_ASSERTIONS = NO;
				ENABLE_STRICT_OBJC_MSGSEND = YES;
				GCC_C_LANGUAGE_STANDARD = gnu11;
				GCC_NO_COMMON_BLOCKS = YES;
				GCC_WARN_64_TO_32_BIT_CONVERSION = YES;
				GCC_WARN_ABOUT_RETURN_TYPE = YES_ERROR;
				GCC_WARN_UNDECLARED_SELECTOR = YES;
				GCC_WARN_UNINITIALIZED_AUTOS = YES_AGGRESSIVE;
				GCC_WARN_UNUSED_FUNCTION = YES;
				GCC_WARN_UNUSED_VARIABLE = YES;
				IPHONEOS_DEPLOYMENT_TARGET = 15.5;
				MTL_ENABLE_DEBUG_INFO = NO;
				MTL_FAST_MATH = YES;
				SDKROOT = iphoneos;
				SWIFT_COMPILATION_MODE = wholemodule;
				SWIFT_OPTIMIZATION_LEVEL = "-O";
				VALIDATE_PRODUCT = YES;
			};
			name = Release;
		};
		FA10A9DD28AEAB8D003A6FF1 /* Debug */ = {
			isa = XCBuildConfiguration;
			baseConfigurationReference = C443E82BC03F5DF5CF1C7F62 /* Pods-MyForcastApp.debug.xcconfig */;
			buildSettings = {
				ASSETCATALOG_COMPILER_APPICON_NAME = AppIcon;
				ASSETCATALOG_COMPILER_GLOBAL_ACCENT_COLOR_NAME = AccentColor;
				CODE_SIGN_STYLE = Automatic;
				CURRENT_PROJECT_VERSION = 1;
				DEVELOPMENT_TEAM = S5363W839Y;
				GENERATE_INFOPLIST_FILE = YES;
				INFOPLIST_FILE = MyForcastApp/Info.plist;
				INFOPLIST_KEY_UIApplicationSupportsIndirectInputEvents = YES;
				INFOPLIST_KEY_UILaunchStoryboardName = LaunchScreen;
				INFOPLIST_KEY_UIMainStoryboardFile = Main;
				INFOPLIST_KEY_UISupportedInterfaceOrientations_iPad = "UIInterfaceOrientationPortrait UIInterfaceOrientationPortraitUpsideDown UIInterfaceOrientationLandscapeLeft UIInterfaceOrientationLandscapeRight";
				INFOPLIST_KEY_UISupportedInterfaceOrientations_iPhone = "UIInterfaceOrientationPortrait UIInterfaceOrientationLandscapeLeft UIInterfaceOrientationLandscapeRight";
				IPHONEOS_DEPLOYMENT_TARGET = 11.0;
				LD_RUNPATH_SEARCH_PATHS = (
					"$(inherited)",
					"@executable_path/Frameworks",
				);
				MARKETING_VERSION = 1.0;
				PRODUCT_BUNDLE_IDENTIFIER = com.maaref.MyForcastApp;
				PRODUCT_NAME = "$(TARGET_NAME)";
				SWIFT_EMIT_LOC_STRINGS = YES;
				SWIFT_VERSION = 5.0;
				TARGETED_DEVICE_FAMILY = "1,2";
			};
			name = Debug;
		};
		FA10A9DE28AEAB8D003A6FF1 /* Release */ = {
			isa = XCBuildConfiguration;
			baseConfigurationReference = FBED8773B9575CDAE19FE71D /* Pods-MyForcastApp.release.xcconfig */;
			buildSettings = {
				ASSETCATALOG_COMPILER_APPICON_NAME = AppIcon;
				ASSETCATALOG_COMPILER_GLOBAL_ACCENT_COLOR_NAME = AccentColor;
				CODE_SIGN_STYLE = Automatic;
				CURRENT_PROJECT_VERSION = 1;
				DEVELOPMENT_TEAM = S5363W839Y;
				GENERATE_INFOPLIST_FILE = YES;
				INFOPLIST_FILE = MyForcastApp/Info.plist;
				INFOPLIST_KEY_UIApplicationSupportsIndirectInputEvents = YES;
				INFOPLIST_KEY_UILaunchStoryboardName = LaunchScreen;
				INFOPLIST_KEY_UIMainStoryboardFile = Main;
				INFOPLIST_KEY_UISupportedInterfaceOrientations_iPad = "UIInterfaceOrientationPortrait UIInterfaceOrientationPortraitUpsideDown UIInterfaceOrientationLandscapeLeft UIInterfaceOrientationLandscapeRight";
				INFOPLIST_KEY_UISupportedInterfaceOrientations_iPhone = "UIInterfaceOrientationPortrait UIInterfaceOrientationLandscapeLeft UIInterfaceOrientationLandscapeRight";
				IPHONEOS_DEPLOYMENT_TARGET = 11.0;
				LD_RUNPATH_SEARCH_PATHS = (
					"$(inherited)",
					"@executable_path/Frameworks",
				);
				MARKETING_VERSION = 1.0;
				PRODUCT_BUNDLE_IDENTIFIER = com.maaref.MyForcastApp;
				PRODUCT_NAME = "$(TARGET_NAME)";
				SWIFT_EMIT_LOC_STRINGS = YES;
				SWIFT_VERSION = 5.0;
				TARGETED_DEVICE_FAMILY = "1,2";
			};
			name = Release;
		};
		FA10A9E028AEAB8D003A6FF1 /* Debug */ = {
			isa = XCBuildConfiguration;
			buildSettings = {
				ALWAYS_EMBED_SWIFT_STANDARD_LIBRARIES = YES;
				BUNDLE_LOADER = "$(TEST_HOST)";
				CODE_SIGN_STYLE = Automatic;
				CURRENT_PROJECT_VERSION = 1;
				GENERATE_INFOPLIST_FILE = YES;
				IPHONEOS_DEPLOYMENT_TARGET = 15.5;
				MARKETING_VERSION = 1.0;
				PRODUCT_BUNDLE_IDENTIFIER = com.maaref.myForcast.app.MyForcastAppTests;
				PRODUCT_NAME = "$(TARGET_NAME)";
				SWIFT_EMIT_LOC_STRINGS = NO;
				SWIFT_VERSION = 5.0;
				TARGETED_DEVICE_FAMILY = "1,2";
				TEST_HOST = "$(BUILT_PRODUCTS_DIR)/MyForcastApp.app/MyForcastApp";
			};
			name = Debug;
		};
		FA10A9E128AEAB8D003A6FF1 /* Release */ = {
			isa = XCBuildConfiguration;
			buildSettings = {
				ALWAYS_EMBED_SWIFT_STANDARD_LIBRARIES = YES;
				BUNDLE_LOADER = "$(TEST_HOST)";
				CODE_SIGN_STYLE = Automatic;
				CURRENT_PROJECT_VERSION = 1;
				GENERATE_INFOPLIST_FILE = YES;
				IPHONEOS_DEPLOYMENT_TARGET = 15.5;
				MARKETING_VERSION = 1.0;
				PRODUCT_BUNDLE_IDENTIFIER = com.maaref.myForcast.app.MyForcastAppTests;
				PRODUCT_NAME = "$(TARGET_NAME)";
				SWIFT_EMIT_LOC_STRINGS = NO;
				SWIFT_VERSION = 5.0;
				TARGETED_DEVICE_FAMILY = "1,2";
				TEST_HOST = "$(BUILT_PRODUCTS_DIR)/MyForcastApp.app/MyForcastApp";
			};
			name = Release;
		};
		FA10A9E328AEAB8D003A6FF1 /* Debug */ = {
			isa = XCBuildConfiguration;
			buildSettings = {
				ALWAYS_EMBED_SWIFT_STANDARD_LIBRARIES = YES;
				CODE_SIGN_STYLE = Automatic;
				CURRENT_PROJECT_VERSION = 1;
				GENERATE_INFOPLIST_FILE = YES;
				MARKETING_VERSION = 1.0;
				PRODUCT_BUNDLE_IDENTIFIER = com.maaref.myForcast.app.MyForcastAppUITests;
				PRODUCT_NAME = "$(TARGET_NAME)";
				SWIFT_EMIT_LOC_STRINGS = NO;
				SWIFT_VERSION = 5.0;
				TARGETED_DEVICE_FAMILY = "1,2";
				TEST_TARGET_NAME = MyForcastApp;
			};
			name = Debug;
		};
		FA10A9E428AEAB8D003A6FF1 /* Release */ = {
			isa = XCBuildConfiguration;
			buildSettings = {
				ALWAYS_EMBED_SWIFT_STANDARD_LIBRARIES = YES;
				CODE_SIGN_STYLE = Automatic;
				CURRENT_PROJECT_VERSION = 1;
				GENERATE_INFOPLIST_FILE = YES;
				MARKETING_VERSION = 1.0;
				PRODUCT_BUNDLE_IDENTIFIER = com.maaref.myForcast.app.MyForcastAppUITests;
				PRODUCT_NAME = "$(TARGET_NAME)";
				SWIFT_EMIT_LOC_STRINGS = NO;
				SWIFT_VERSION = 5.0;
				TARGETED_DEVICE_FAMILY = "1,2";
				TEST_TARGET_NAME = MyForcastApp;
			};
			name = Release;
		};
/* End XCBuildConfiguration section */

/* Begin XCConfigurationList section */
		FA10A9AA28AEAB84003A6FF1 /* Build configuration list for PBXProject "MyForcastApp" */ = {
			isa = XCConfigurationList;
			buildConfigurations = (
				FA10A9DA28AEAB8D003A6FF1 /* Debug */,
				FA10A9DB28AEAB8D003A6FF1 /* Release */,
			);
			defaultConfigurationIsVisible = 0;
			defaultConfigurationName = Release;
		};
		FA10A9DC28AEAB8D003A6FF1 /* Build configuration list for PBXNativeTarget "MyForcastApp" */ = {
			isa = XCConfigurationList;
			buildConfigurations = (
				FA10A9DD28AEAB8D003A6FF1 /* Debug */,
				FA10A9DE28AEAB8D003A6FF1 /* Release */,
			);
			defaultConfigurationIsVisible = 0;
			defaultConfigurationName = Release;
		};
		FA10A9DF28AEAB8D003A6FF1 /* Build configuration list for PBXNativeTarget "MyForcastAppTests" */ = {
			isa = XCConfigurationList;
			buildConfigurations = (
				FA10A9E028AEAB8D003A6FF1 /* Debug */,
				FA10A9E128AEAB8D003A6FF1 /* Release */,
			);
			defaultConfigurationIsVisible = 0;
			defaultConfigurationName = Release;
		};
		FA10A9E228AEAB8D003A6FF1 /* Build configuration list for PBXNativeTarget "MyForcastAppUITests" */ = {
			isa = XCConfigurationList;
			buildConfigurations = (
				FA10A9E328AEAB8D003A6FF1 /* Debug */,
				FA10A9E428AEAB8D003A6FF1 /* Release */,
			);
			defaultConfigurationIsVisible = 0;
			defaultConfigurationName = Release;
		};
/* End XCConfigurationList section */

/* Begin XCVersionGroup section */
		FA10A9BB28AEAB84003A6FF1 /* MyForcastApp.xcdatamodeld */ = {
			isa = XCVersionGroup;
			children = (
				FA10A9BC28AEAB84003A6FF1 /* MyForcastApp.xcdatamodel */,
			);
			currentVersion = FA10A9BC28AEAB84003A6FF1 /* MyForcastApp.xcdatamodel */;
			path = MyForcastApp.xcdatamodeld;
			sourceTree = "<group>";
			versionGroupType = wrapper.xcdatamodel;
		};
/* End XCVersionGroup section */
	};
	rootObject = FA10A9A728AEAB84003A6FF1 /* Project object */;
}
